
Microsoft Visual Studio Solution File, Format Version 12.00
# Visual Studio Version 18
VisualStudioVersion = 18.3.11520.95 d18.3
MinimumVisualStudioVersion = 10.0.40219.1
Project("{FAE04EC0-301F-11D3-BF4B-00C04F79EFBC}") = "NeuroPlayer_HighRes_V2", "NeuroPlayer_HighRes_V2.csproj", "{ACC3FD04-04A0-66BD-4FCC-D603797AF730}"
EndProject
Global
	GlobalSection(SolutionConfigurationPlatforms) = preSolution
		Debug|Any CPU = Debug|Any CPU
		Release|Any CPU = Release|Any CPU
	EndGlobalSection
	GlobalSection(ProjectConfigurationPlatforms) = postSolution
		{ACC3FD04-04A0-66BD-4FCC-D603797AF730}.Debug|Any CPU.ActiveCfg = Debug|Any CPU
		{ACC3FD04-04A0-66BD-4FCC-D603797AF730}.Debug|Any CPU.Build.0 = Debug|Any CPU
		{ACC3FD04-04A0-66BD-4FCC-D603797AF730}.Release|Any CPU.ActiveCfg = Release|Any CPU
		{ACC3FD04-04A0-66BD-4FCC-D603797AF730}.Release|Any CPU.Build.0 = Release|Any CPU
	EndGlobalSection
	GlobalSection(SolutionProperties) = preSolution
		HideSolutionNode = FALSE
	EndGlobalSection
	GlobalSection(ExtensibilityGlobals) = postSolution
		SolutionGuid = {EFBCD4ED-5690-4EDF-8C41-5372FA7D3494}
	EndGlobalSection
EndGlobal
